# This file was autogenerated by Stack.
# You should not edit this file by hand.
# For more information, please see the documentation at:
#   https://docs.haskellstack.org/en/stable/lock_files

packages:
- completed:
    hackage: sqlite-simple-0.4.16.0@sha256:aeb9502c0004054846829766a08d856122a7e7386077b95048e60edaf9f46b88,2947
    pantry-tree:
      size: 1799
      sha256: 3b59ddaea7961ad144f4a380851c6c08e6ff3ca0ad057abaea353e4131344729
  original:
    hackage: sqlite-simple-0.4.16.0
snapshots:
- completed:
    size: 488576
    url: https://raw.githubusercontent.com/commercialhaskell/stackage-snapshots/master/lts/15/0.yaml
    sha256: e4b6a87b47ec1cf63a7f1a0884a3b276fce2b0d174a10e8753c4f618e7983568
  original: lts-15.0
